
Microsoft Visual Studio Solution File, Format Version 12.00
# Visual Studio 15
VisualStudioVersion = 15.0.28307.757
MinimumVisualStudioVersion = 10.0.40219.1
Project("{FAE04EC0-301F-11D3-BF4B-00C04F79EFBC}") = "MvcShopping", "MvcShopping\MvcShopping.csproj", "{50AC9D56-C5EA-46D8-9A6A-87FB2AAEC787}"
EndProject
Global
	GlobalSection(SolutionConfigurationPlatforms) = preSolution
		Debug|Any CPU = Debug|Any CPU
		Release|Any CPU = Release|Any CPU
	EndGlobalSection
	GlobalSection(ProjectConfigurationPlatforms) = postSolution
		{50AC9D56-C5EA-46D8-9A6A-87FB2AAEC787}.Debug|Any CPU.ActiveCfg = Debug|Any CPU
		{50AC9D56-C5EA-46D8-9A6A-87FB2AAEC787}.Debug|Any CPU.Build.0 = Debug|Any CPU
		{50AC9D56-C5EA-46D8-9A6A-87FB2AAEC787}.Release|Any CPU.ActiveCfg = Release|Any CPU
		{50AC9D56-C5EA-46D8-9A6A-87FB2AAEC787}.Release|Any CPU.Build.0 = Release|Any CPU
	EndGlobalSection
	GlobalSection(SolutionProperties) = preSolution
		HideSolutionNode = FALSE
	EndGlobalSection
	GlobalSection(ExtensibilityGlobals) = postSolution
		SolutionGuid = {39242A5E-E5B5-4121-AE3D-2D46C49A58B1}
	EndGlobalSection
EndGlobal
